
Microsoft Visual Studio Solution File, Format Version 12.00
# Visual Studio Version 16
VisualStudioVersion = 16.0.31205.134
MinimumVisualStudioVersion = 10.0.40219.1
Project("{FAE04EC0-301F-11D3-BF4B-00C04F79EFBC}") = "MathLibrary", "MathLibrary\MathLibrary.csproj", "{30FE700A-7078-4444-9ADD-9EE689C09F1E}"
EndProject
Global
	GlobalSection(SolutionConfigurationPlatforms) = preSolution
		Debug|Any CPU = Debug|Any CPU
		Release|Any CPU = Release|Any CPU
	EndGlobalSection
	GlobalSection(ProjectConfigurationPlatforms) = postSolution
		{30FE700A-7078-4444-9ADD-9EE689C09F1E}.Debug|Any CPU.ActiveCfg = Debug|Any CPU
		{30FE700A-7078-4444-9ADD-9EE689C09F1E}.Debug|Any CPU.Build.0 = Debug|Any CPU
		{30FE700A-7078-4444-9ADD-9EE689C09F1E}.Release|Any CPU.ActiveCfg = Release|Any CPU
		{30FE700A-7078-4444-9ADD-9EE689C09F1E}.Release|Any CPU.Build.0 = Release|Any CPU
	EndGlobalSection
	GlobalSection(SolutionProperties) = preSolution
		HideSolutionNode = FALSE
	EndGlobalSection
	GlobalSection(ExtensibilityGlobals) = postSolution
		SolutionGuid = {B7B09BB7-4169-4C7A-9F85-6DFFABCAD98A}
	EndGlobalSection
EndGlobal
